# THIS IS AN AUTOGENERATED FILE. DO NOT EDIT THIS FILE DIRECTLY.
# yarn lockfile v1


"@js-joda/core@3.2.0":
  version "3.2.0"
  resolved "https://registry.yarnpkg.com/@js-joda/core/-/core-3.2.0.tgz#3e61e21b7b2b8a6be746df1335cf91d70db2a273"
  integrity sha512-PMqgJ0sw5B7FKb2d5bWYIoxjri+QlW/Pys7+Rw82jSH0QN3rB05jZ/VrrsUdh1w4+i2kw9JOejXGq/KhDOX7Kg==

"@js-joda/timezone@2.3.0":
  version "2.3.0"
  resolved "https://registry.yarnpkg.com/@js-joda/timezone/-/timezone-2.3.0.tgz#72878f6dc8afef20c29906e5d8d946f91618a2c3"
  integrity sha512-DHXdNs0SydSqC5f0oRJPpTcNfnpRojgBqMCFupQFv6WgeZAjU3DBx+A7JtaGPP3dHrP2Odi2N8Vf+uAm/8ynCQ==

"@noble/curves@2.4.0":
  version "2.4.0"
  resolved "https://registry.yarnpkg.com/@noble/curves/-/curves-2.4.0.tgz#367c869bfd790c3a2248152562f255b5f8898b74"
  integrity sha512-P4/62zrgfH33CneE3Dn4WhJVA22YUU0eR51wKIan4NVRvwsA0YnPTwWGpNbpuacSujmSFLvyzpyuR30+fbq2Ew==
  dependencies:
    "@noble/hashes" "2.4.0"

"@noble/hashes@2.4.0":
  version "2.4.0"
  resolved "https://registry.yarnpkg.com/@noble/hashes/-/hashes-2.4.0.tgz#e6a3e98edbed3c8659b28bb8f9b18ca02ec8ea4b"
  integrity sha512-X5XaVWZIBCT7HHZGm5I7ZQXDwLG+bGXuSrMQAW+7Zvl87h1kmc1ZB1VSRJcpUfoUrGQp4Fkoxm5kZ+Ms+aW+eA==

ws@8.18.3:
  version "8.18.3"
  resolved "https://registry.yarnpkg.com/ws/-/ws-8.18.3.tgz#b56b88abffde62791c639170400c93dcb0c95472"
  integrity sha512-PEIGCY5tSlUt50cqyMXfCzX+oOPqN0vuGqWzbcJ2xvnkzkq46oOpz7dQaTDBdfICb4N14+GARUDw2XV2N4tvzg==
